<?xml version="1.0" encoding="UTF-8" standalone="yes" ?>
<CodeBlocks_project_file>
	<FileVersion major="1" minor="6" />
	<Project>
		<Option title="TestClient" />
		<Option pch_mode="2" />
		<Option compiler="gcc" />
		<Build>
			<Target title="Debug">
				<Option output="testclient" prefix_auto="1" extension_auto="1" />
				<Option object_output="obj/Debug/" />
				<Option type="1" />
				<Option compiler="gcc" />
				<Compiler>
					<Add option="-pg" />
					<Add option="-g" />
				</Compiler>
				<Linker>
					<Add option="-pg" />
				</Linker>
			</Target>
			<Target title="Release">
				<Option output="testclient" prefix_auto="1" extension_auto="1" />
				<Option object_output="obj/Release/" />
				<Option type="1" />
				<Option compiler="gcc" />
				<Compiler>
					<Add option="-O2" />
				</Compiler>
				<Linker>
					<Add option="-s" />
				</Linker>
			</Target>
		</Build>
		<Compiler>
			<Add option="-fexpensive-optimizations" />
			<Add option="-Os" />
			<Add option="-O3" />
			<Add option="-Wall" />
			<Add option="-pg" />
			<Add option="-g" />
		</Compiler>
		<Linker>
			<Add option="-pg" />
			<Add option="../../AmmServerlib/libAmmarServer.a" />
			<Add option="-pthread" />
			<Add option="-lrt" />
			<Add option="-lz" />
			<Add library="../../Hashmap/libHashmap.a" />
			<Add library="../../InputParser/libInputParser_C.a" />
			<Add library="../../AmmClient/libAmmClient.a" />
		</Linker>
		<Unit filename="../../AmmClient/AmmClient.h" />
		<Unit filename="allAmmMessages.h" />
		<Unit filename="behavior.h" />
		<Unit filename="command.h" />
		<Unit filename="mmapBridge.c">
			<Option compilerVar="CC" />
		</Unit>
		<Unit filename="mmapBridge.h" />
		<Unit filename="move.h" />
		<Unit filename="nav.h" />
		<Unit filename="person.h" />
		<Unit filename="pointEvents.h" />
		<Unit filename="say.h" />
		<Unit filename="skeleton2D3D.h" />
		<Unit filename="testClient.c">
			<Option compilerVar="CC" />
		</Unit>
		<Extensions>
			<envvars />
			<code_completion />
			<lib_finder disable_auto="1" />
			<debugger />
		</Extensions>
	</Project>
</CodeBlocks_project_file>
