<?xml version="1.0" encoding="UTF-8" standalone="yes" ?>
<CodeBlocks_project_file>
	<FileVersion major="1" minor="6" />
	<Project>
		<Option title="AmmServerlib" />
		<Option pch_mode="2" />
		<Option compiler="gcc" />
		<Build>
			<Target title="Debug">
				<Option output="libAmmarServer" prefix_auto="0" extension_auto="1" />
				<Option working_dir="" />
				<Option object_output="obj/Debug/" />
				<Option type="2" />
				<Option compiler="gcc" />
				<Option host_application="/home/ammar/Documents/Programming/AmmarServer/src/Services/MyBlog/myblog" />
				<Option run_host_application_in_terminal="1" />
				<Option createDefFile="1" />
				<Compiler>
					<Add option="-Wextra" />
					<Add option="-Wall" />
					<Add option="-pg" />
					<Add option="-g" />
				</Compiler>
				<Linker>
					<Add option="-pg" />
					<Add option="-lrt" />
				</Linker>
			</Target>
			<Target title="Release">
				<Option output="libAmmarServer" prefix_auto="0" extension_auto="1" />
				<Option working_dir="" />
				<Option object_output="obj/Release/" />
				<Option type="2" />
				<Option compiler="gcc" />
				<Option host_application="/home/ammar/Documents/Programming/AmmarServer/src/ammarserver" />
				<Option run_host_application_in_terminal="1" />
				<Option createDefFile="1" />
				<Compiler>
					<Add option="-fexpensive-optimizations" />
					<Add option="-O3" />
					<Add option="-Wall" />
				</Compiler>
				<Linker>
					<Add option="-s" />
					<Add option="-lrt" />
				</Linker>
			</Target>
		</Build>
		<Compiler>
			<Add option="-fexpensive-optimizations" />
			<Add option="-O3" />
		</Compiler>
		<Linker>
			<Add option="-lrt" />
			<Add option="-pthreads" />
			<Add library="../Hashmap/libHashmap.a" />
			<Add library="../InputParser/libInputParser.a" />
		</Linker>
		<Unit filename="AString/AString.c">
			<Option compilerVar="CC" />
		</Unit>
		<Unit filename="AString/AString.h" />
		<Unit filename="AmmServerlib.h" />
		<Unit filename="cache/client_list.c">
			<Option compilerVar="CC" />
		</Unit>
		<Unit filename="cache/client_list.h" />
		<Unit filename="cache/dynamic_requests.c">
			<Option compilerVar="CC" />
		</Unit>
		<Unit filename="cache/dynamic_requests.h" />
		<Unit filename="cache/file_caching.c">
			<Option compilerVar="CC" />
		</Unit>
		<Unit filename="cache/file_caching.h" />
		<Unit filename="cache/file_compression.c">
			<Option compilerVar="CC" />
		</Unit>
		<Unit filename="cache/file_compression.h" />
		<Unit filename="header_analysis/generic_header_tools.c">
			<Option compilerVar="CC" />
		</Unit>
		<Unit filename="header_analysis/generic_header_tools.h" />
		<Unit filename="header_analysis/get_data.c">
			<Option compilerVar="CC" />
		</Unit>
		<Unit filename="header_analysis/get_data.h" />
		<Unit filename="header_analysis/http_header_analysis.c">
			<Option compilerVar="CC" />
		</Unit>
		<Unit filename="header_analysis/http_header_analysis.h" />
		<Unit filename="header_analysis/post_data.c">
			<Option compilerVar="CC" />
		</Unit>
		<Unit filename="header_analysis/post_data.h" />
		<Unit filename="header_analysis/post_header_analysis.c">
			<Option compilerVar="CC" />
		</Unit>
		<Unit filename="header_analysis/post_header_analysis.h" />
		<Unit filename="main.c">
			<Option compilerVar="CC" />
		</Unit>
		<Unit filename="network/file_server.c">
			<Option compilerVar="CC" />
		</Unit>
		<Unit filename="network/file_server.h" />
		<Unit filename="network/networkAbstraction.c">
			<Option compilerVar="CC" />
		</Unit>
		<Unit filename="network/networkAbstraction.h" />
		<Unit filename="network/openssl_server.c">
			<Option compilerVar="CC" />
		</Unit>
		<Unit filename="network/openssl_server.h" />
		<Unit filename="network/recvHTTPHeader.c">
			<Option compilerVar="CC" />
		</Unit>
		<Unit filename="network/recvHTTPHeader.h" />
		<Unit filename="network/sendHTTPHeader.c">
			<Option compilerVar="CC" />
		</Unit>
		<Unit filename="network/sendHTTPHeader.h" />
		<Unit filename="scheduler/scheduler.c">
			<Option compilerVar="CC" />
		</Unit>
		<Unit filename="scheduler/scheduler.h" />
		<Unit filename="security/banlist.c">
			<Option compilerVar="CC" />
		</Unit>
		<Unit filename="security/banlist.h" />
		<Unit filename="server_configuration.c">
			<Option compilerVar="CC" />
		</Unit>
		<Unit filename="server_configuration.h" />
		<Unit filename="stringscanners/applicationFiles.c">
			<Option compilerVar="CC" />
		</Unit>
		<Unit filename="stringscanners/applicationFiles.h" />
		<Unit filename="stringscanners/archiveFiles.c">
			<Option compilerVar="CC" />
		</Unit>
		<Unit filename="stringscanners/archiveFiles.h" />
		<Unit filename="stringscanners/audioFiles.c">
			<Option compilerVar="CC" />
		</Unit>
		<Unit filename="stringscanners/audioFiles.h" />
		<Unit filename="stringscanners/firstLines.c">
			<Option compilerVar="CC" />
		</Unit>
		<Unit filename="stringscanners/firstLines.h" />
		<Unit filename="stringscanners/httpHeader.c">
			<Option compilerVar="CC" />
		</Unit>
		<Unit filename="stringscanners/httpHeader.h" />
		<Unit filename="stringscanners/imageFiles.c">
			<Option compilerVar="CC" />
		</Unit>
		<Unit filename="stringscanners/imageFiles.h" />
		<Unit filename="stringscanners/postHeader.c">
			<Option compilerVar="CC" />
		</Unit>
		<Unit filename="stringscanners/postHeader.h" />
		<Unit filename="stringscanners/textFiles.c">
			<Option compilerVar="CC" />
		</Unit>
		<Unit filename="stringscanners/textFiles.h" />
		<Unit filename="stringscanners/videoFiles.c">
			<Option compilerVar="CC" />
		</Unit>
		<Unit filename="stringscanners/videoFiles.h" />
		<Unit filename="templates/editor.c">
			<Option compilerVar="CC" />
		</Unit>
		<Unit filename="templates/editor.h" />
		<Unit filename="templates/errors.c">
			<Option compilerVar="CC" />
		</Unit>
		<Unit filename="templates/errors.h" />
		<Unit filename="templates/icons.c">
			<Option compilerVar="CC" />
		</Unit>
		<Unit filename="templates/icons.h" />
		<Unit filename="templates/login.c">
			<Option compilerVar="CC" />
		</Unit>
		<Unit filename="templates/login.h" />
		<Unit filename="threads/clientServer.c">
			<Option compilerVar="CC" />
		</Unit>
		<Unit filename="threads/clientServer.h" />
		<Unit filename="threads/freshThreads.c">
			<Option compilerVar="CC" />
		</Unit>
		<Unit filename="threads/freshThreads.h" />
		<Unit filename="threads/libeventServer.c">
			<Option compilerVar="CC" />
		</Unit>
		<Unit filename="threads/libeventServer.h" />
		<Unit filename="threads/prespawnedThreads.c">
			<Option compilerVar="CC" />
		</Unit>
		<Unit filename="threads/prespawnedThreads.h" />
		<Unit filename="threads/serverAbstraction.c">
			<Option compilerVar="CC" />
		</Unit>
		<Unit filename="threads/serverAbstraction.h" />
		<Unit filename="threads/threadInitHelper.c">
			<Option compilerVar="CC" />
		</Unit>
		<Unit filename="threads/threadInitHelper.h" />
		<Unit filename="threads/threadedServer.c">
			<Option compilerVar="CC" />
		</Unit>
		<Unit filename="threads/threadedServer.h" />
		<Unit filename="tools/directory_lists.c">
			<Option compilerVar="CC" />
		</Unit>
		<Unit filename="tools/directory_lists.h" />
		<Unit filename="tools/geolocation.c">
			<Option compilerVar="CC" />
		</Unit>
		<Unit filename="tools/geolocation.h" />
		<Unit filename="tools/http_tools.c">
			<Option compilerVar="CC" />
		</Unit>
		<Unit filename="tools/http_tools.h" />
		<Unit filename="tools/logs.c">
			<Option compilerVar="CC" />
		</Unit>
		<Unit filename="tools/logs.h" />
		<Unit filename="tools/serverMonitor.c">
			<Option compilerVar="CC" />
		</Unit>
		<Unit filename="tools/serverMonitor.h" />
		<Unit filename="tools/time_provider.c">
			<Option compilerVar="CC" />
		</Unit>
		<Unit filename="tools/time_provider.h" />
		<Unit filename="version.h" />
		<Extensions>
			<envvars />
			<code_completion />
			<lib_finder disable_auto="1" />
			<debugger />
			<AutoVersioning>
				<Scheme minor_max="1000" build_max="0" rev_max="0" rev_rand_max="10" build_times_to_increment_minor="100" />
				<Settings autoincrement="1" date_declarations="1" use_define="0" update_manifest="0" do_auto_increment="1" ask_to_increment="0" language="C" svn="0" svn_directory="" header_path="version.h" />
				<Changes_Log show_changes_editor="0" app_title="released version %M.%m.%b of %p" changeslog_path="ChangesLog.txt" />
				<Code header_guard="VERSION_H" namespace="" prefix="" />
			</AutoVersioning>
		</Extensions>
	</Project>
</CodeBlocks_project_file>
