<?xml version="1.0" encoding="UTF-8" standalone="yes" ?>
<CodeBlocks_project_file>
	<FileVersion major="1" minor="6" />
	<Project>
		<Option title="AmmClient" />
		<Option pch_mode="2" />
		<Option compiler="gcc" />
		<Build>
			<Target title="Debug">
				<Option output="./AmmClient" prefix_auto="0" extension_auto="1" />
				<Option object_output="obj/Debug/" />
				<Option type="1" />
				<Option compiler="gcc" />
				<Compiler>
					<Add option="-g" />
				</Compiler>
			</Target>
			<Target title="Release">
				<Option output="./AmmClient" prefix_auto="0" extension_auto="1" />
				<Option object_output="obj/Release/" />
				<Option type="1" />
				<Option compiler="gcc" />
				<Compiler>
					<Add option="-O2" />
				</Compiler>
				<Linker>
					<Add option="-s" />
				</Linker>
			</Target>
		</Build>
		<Compiler>
			<Add option="-Wall" />
		</Compiler>
		<Unit filename="AmmClient.c">
			<Option compilerVar="CC" />
		</Unit>
		<Unit filename="AmmClient.h" />
		<Unit filename="network.c">
			<Option compilerVar="CC" />
		</Unit>
		<Unit filename="network.h" />
		<Unit filename="protocol.c">
			<Option compilerVar="CC" />
		</Unit>
		<Unit filename="protocol.h" />
		<Unit filename="test.c">
			<Option compilerVar="CC" />
		</Unit>
		<Unit filename="tools.c">
			<Option compilerVar="CC" />
		</Unit>
		<Unit filename="tools.h" />
		<Extensions />
	</Project>
</CodeBlocks_project_file>
